Microsoft Visual Studio Solution File, Format Version 12.00
# Visual Studio Version 17
VisualStudioVersion = 17.5.2.0
MinimumVisualStudioVersion = 10.0.40219.1
Project("{FAE04EC0-301F-11D3-BF4B-00C04F79EFBC}") = "ApproveService", "ApproveService.csproj", "{3FA9CC69-BA00-15F6-C441-C7509807EDE2}"
EndProject
Global
	GlobalSection(SolutionConfigurationPlatforms) = preSolution
		Debug|Any CPU = Debug|Any CPU
		Release|Any CPU = Release|Any CPU
	EndGlobalSection
	GlobalSection(ProjectConfigurationPlatforms) = postSolution
		{3FA9CC69-BA00-15F6-C441-C7509807EDE2}.Debug|Any CPU.ActiveCfg = Debug|Any CPU
		{3FA9CC69-BA00-15F6-C441-C7509807EDE2}.Debug|Any CPU.Build.0 = Debug|Any CPU
		{3FA9CC69-BA00-15F6-C441-C7509807EDE2}.Release|Any CPU.ActiveCfg = Release|Any CPU
		{3FA9CC69-BA00-15F6-C441-C7509807EDE2}.Release|Any CPU.Build.0 = Release|Any CPU
	EndGlobalSection
	GlobalSection(SolutionProperties) = preSolution
		HideSolutionNode = FALSE
	EndGlobalSection
	GlobalSection(ExtensibilityGlobals) = postSolution
		SolutionGuid = {D9CDB38B-9621-41FB-B465-8F07030B05F0}
	EndGlobalSection
EndGlobal
