Microsoft Visual Studio Solution File, Format Version 12.00
# Visual Studio Version 17
VisualStudioVersion = 17.5.2.0
MinimumVisualStudioVersion = 10.0.40219.1
Project("{FAE04EC0-301F-11D3-BF4B-00C04F79EFBC}") = "BloodDonationAppUI", "BloodDonationAppUI.csproj", "{0B05C257-0B72-42C4-FFB9-2BA339286619}"
EndProject
Global
	GlobalSection(SolutionConfigurationPlatforms) = preSolution
		Debug|Any CPU = Debug|Any CPU
		Release|Any CPU = Release|Any CPU
	EndGlobalSection
	GlobalSection(ProjectConfigurationPlatforms) = postSolution
		{0B05C257-0B72-42C4-FFB9-2BA339286619}.Debug|Any CPU.ActiveCfg = Debug|Any CPU
		{0B05C257-0B72-42C4-FFB9-2BA339286619}.Debug|Any CPU.Build.0 = Debug|Any CPU
		{0B05C257-0B72-42C4-FFB9-2BA339286619}.Release|Any CPU.ActiveCfg = Release|Any CPU
		{0B05C257-0B72-42C4-FFB9-2BA339286619}.Release|Any CPU.Build.0 = Release|Any CPU
	EndGlobalSection
	GlobalSection(SolutionProperties) = preSolution
		HideSolutionNode = FALSE
	EndGlobalSection
	GlobalSection(ExtensibilityGlobals) = postSolution
		SolutionGuid = {D5D331D3-2FF3-40C0-9AC3-EB62AE2CFD66}
	EndGlobalSection
EndGlobal
